
Microsoft Visual Studio Solution File, Format Version 12.00
# Visual Studio Version 17
VisualStudioVersion = 17.11.35222.181
MinimumVisualStudioVersion = 10.0.40219.1
Project("{9A19103F-16F7-4668-BE54-9A1E7A4F7556}") = "ptpm_pr17_Savitsin", "ptpm_pr17_Savitsin.csproj", "{9841F533-E45E-4459-A8F4-F72491E63DE7}"
EndProject
Project("{9A19103F-16F7-4668-BE54-9A1E7A4F7556}") = "ptpm_pr17_Console_Savitsin", "..\ptpm_pr17_Console_Savitsin\ptpm_pr17_Console_Savitsin.csproj", "{A4AD18C4-7745-413D-8A1F-B50E2F435B54}"
EndProject
Project("{FAE04EC0-301F-11D3-BF4B-00C04F79EFBC}") = "ptpm_pr17_Form_Savitsin", "..\ptpm_pr17_Form_Savitsin\ptpm_pr17_Form_Savitsin.csproj", "{11B4A7FE-E4F8-44ED-8306-D3DBB9EECF4C}"
EndProject
Global
	GlobalSection(SolutionConfigurationPlatforms) = preSolution
		Debug|Any CPU = Debug|Any CPU
		Release|Any CPU = Release|Any CPU
	EndGlobalSection
	GlobalSection(ProjectConfigurationPlatforms) = postSolution
		{9841F533-E45E-4459-A8F4-F72491E63DE7}.Debug|Any CPU.ActiveCfg = Debug|Any CPU
		{9841F533-E45E-4459-A8F4-F72491E63DE7}.Debug|Any CPU.Build.0 = Debug|Any CPU
		{9841F533-E45E-4459-A8F4-F72491E63DE7}.Release|Any CPU.ActiveCfg = Release|Any CPU
		{9841F533-E45E-4459-A8F4-F72491E63DE7}.Release|Any CPU.Build.0 = Release|Any CPU
		{A4AD18C4-7745-413D-8A1F-B50E2F435B54}.Debug|Any CPU.ActiveCfg = Debug|Any CPU
		{A4AD18C4-7745-413D-8A1F-B50E2F435B54}.Debug|Any CPU.Build.0 = Debug|Any CPU
		{A4AD18C4-7745-413D-8A1F-B50E2F435B54}.Release|Any CPU.ActiveCfg = Release|Any CPU
		{A4AD18C4-7745-413D-8A1F-B50E2F435B54}.Release|Any CPU.Build.0 = Release|Any CPU
		{11B4A7FE-E4F8-44ED-8306-D3DBB9EECF4C}.Debug|Any CPU.ActiveCfg = Debug|Any CPU
		{11B4A7FE-E4F8-44ED-8306-D3DBB9EECF4C}.Debug|Any CPU.Build.0 = Debug|Any CPU
		{11B4A7FE-E4F8-44ED-8306-D3DBB9EECF4C}.Release|Any CPU.ActiveCfg = Release|Any CPU
		{11B4A7FE-E4F8-44ED-8306-D3DBB9EECF4C}.Release|Any CPU.Build.0 = Release|Any CPU
	EndGlobalSection
	GlobalSection(SolutionProperties) = preSolution
		HideSolutionNode = FALSE
	EndGlobalSection
	GlobalSection(ExtensibilityGlobals) = postSolution
		SolutionGuid = {1164D720-A9EC-446C-AC29-B0FD8F79649C}
	EndGlobalSection
EndGlobal
